{
    "_meta": {
        "hash": {
            "sha256": "b97e95210411fba046eb9e76c0be6c64ebad1ae4e815c86badba93f4590a3efe"
        },
        "pipfile-spec": 6,
        "requires": {
            "python_version": "3.8"
        },
        "sources": [
            {
                "name": "pypi",
                "url": "https://pypi.org/simple",
                "verify_ssl": true
            }
        ]
    },
    "default": {
        "sqlalchemy": {
            "hashes": [
                "sha256:af557a184657121b20f8d6a93c54f4dce5cd505f798d602b131507d8033ac097",
                "sha256:afa5541e9dea8ad0014251bc9d56171ca3d8b130c9627c6cb3681cff30be3f8a"
            ],
            "index": "pypi",
            "version": "==1.3.11"
        }
    },
    "develop": {}
}
