cloud.google.com/go v0.0.0-20170206221025-ce650573d812/go.mod h1:aQUYkXzVsufM+DwF1aE+0xfcU+56JwCaLick0ClmMTw=
github.com/GoogleCloudPlatform/cloudsql-proxy v0.0.0-20190129172621-c8b1d7a94ddf/go.mod h1:aJ4qN3TfrelA6NZ6AXsXRfmEVaYin3EDbSPJrKS8OXo=
github.com/aclements/go-gg v0.0.0-20170118225347-6dbb4e4fefb0/go.mod h1:55qNq4vcpkIuHowELi5C8e+1yUHtoLoOUR9QU5j7Tes=
github.com/aclements/go-moremath v0.0.0-20161014184102-0ff62e0875ff/go.mod h1:idZL3yvz4kzx1dsBOAC+oYv6L92P1oFEhUXUB1A/lwQ=
github.com/chzyer/logex v1.1.10/go.mod h1:+Ywpsq7O8HXn0nuIou7OrIPyXbp3wmkHB+jjWRnGsAI=
github.com/chzyer/readline v0.0.0-20180603132655-2972be24d48e h1:fY5BOSpyZCqRo5OhCuC+XN+r/bBCmeuuJtjz+bCNIf8=
github.com/chzyer/readline v0.0.0-20180603132655-2972be24d48e/go.mod h1:nSuG5e5PlCu98SY8svDHJxuZscDgtXS6KTTbou5AhLI=
github.com/chzyer/test v0.0.0-20180213035817-a1ea475d72b1/go.mod h1:Q3SI9o4m/ZMnBNeIyt5eFwwo7qiLfzFZmjNmxjkiQlU=
github.com/go-sql-driver/mysql v1.4.1/go.mod h1:zAC/RDZ24gD3HViQzih4MyKcchzm+sOG5ZlKdlhCg5w=
github.com/golang/protobuf v1.2.0/go.mod h1:6lQm79b+lXiMfvg/cZm0SGofjICqVBUtrP5yJMmIC1U=
github.com/gonum/blas v0.0.0-20181208220705-f22b278b28ac/go.mod h1:P32wAyui1PQ58Oce/KYkOqQv8cVw1zAapXOl+dRFGbc=
github.com/gonum/floats v0.0.0-20181209220543-c233463c7e82/go.mod h1:PxC8OnwL11+aosOB5+iEPoV3picfs8tUpkVd0pDo+Kg=
github.com/gonum/internal v0.0.0-20181124074243-f884aa714029/go.mod h1:Pu4dmpkhSyOzRwuXkOgAvijx4o+4YMUJJo9OvPYMkks=
github.com/gonum/lapack v0.0.0-20181123203213-e4cdc5a0bff9/go.mod h1:XA3DeT6rxh2EAE789SSiSJNqxPaC0aE9J8NTOI0Jo/A=
github.com/gonum/matrix v0.0.0-20181209220409-c518dec07be9/go.mod h1:0EXg4mc1CNP0HCqCz+K4ts155PXIlUywf0wqN+GfPZw=
github.com/google/pprof v0.0.0-20201117184057-ae444373da19 h1:iFELRewmQ9CldLrqgr0E6b6ZPfZmMvLyyz6kMsR+c4w=
github.com/google/pprof v0.0.0-20201117184057-ae444373da19/go.mod h1:kpwsk12EmLew5upagYY7GY0pfYCcupk39gWOCRROcvE=
github.com/googleapis/gax-go v0.0.0-20161107002406-da06d194a00e/go.mod h1:SFVmujtThgffbyetf+mdk2eWhX2bMyUtNHzFKcPA9HY=
github.com/ianlancetaylor/demangle v0.0.0-20200824232613-28f6c0f3b639 h1:mV02weKRL81bEnm8A0HT1/CAelMQDBuQIfLw8n+d6xI=
github.com/ianlancetaylor/demangle v0.0.0-20200824232613-28f6c0f3b639/go.mod h1:aSSvb/t6k1mPoxDqO4vJh6VOCGPwU4O0C2/Eqndh1Sc=
github.com/mattn/go-sqlite3 v0.0.0-20161215041557-2d44decb4941/go.mod h1:FPy6KqzDD04eiIsT53CuJW3U88zkxoIYsOqkbpncsNc=
golang.org/x/crypto v0.0.0-20190308221718-c2843e01d9a2/go.mod h1:djNgcEr1/C05ACkg1iLfiJU5Ep61QUkGW8qpdssI0+w=
golang.org/x/net v0.0.0-20180724234803-3673e40ba225/go.mod h1:mL1N/T3taQHkDXs73rZJwtUhF3w3ftmwwsq0BUmARs4=
golang.org/x/net v0.0.0-20190311183353-d8887717615a/go.mod h1:t9HGtf8HONx5eT2rtn7q6eTqICYqUVnKs3thJo3Qplg=
golang.org/x/oauth2 v0.0.0-20170207211851-4464e7848382/go.mod h1:N/0e6XlmueqKjAGxoOufVs8QHGRruUQn6yWY3a++T0U=
golang.org/x/perf v0.0.0-20200918155509-d949658356f9 h1:yVBHF5pcQLKR9B+y+dOJ6y68nqJBDWaZ9DhB1Ohg0qE=
golang.org/x/perf v0.0.0-20200918155509-d949658356f9/go.mod h1:FrqOtQDO3iMDVUtw5nNTDFpR1HUCGh00M3kj2wiSzLQ=
golang.org/x/sync v0.0.0-20190227155943-e225da77a7e6/go.mod h1:RxMgew5VJxzue5/jJTE5uejpjVlOe/izrB70Jof72aM=
golang.org/x/sys v0.0.0-20190215142949-d0b11bdaac8a/go.mod h1:STP8DvDyc/dI5b8T5hshtkjS+E42TnysNCUPdjciGhY=
golang.org/x/sys v0.0.0-20191204072324-ce4227a45e2e h1:9vRrk9YW2BTzLP0VCB9ZDjU4cPqkg+IDWL7XgxA1yxQ=
golang.org/x/sys v0.0.0-20191204072324-ce4227a45e2e/go.mod h1:h1NjWce9XRLGQEsW7wpKNCjG9DtNlClVuFLEZdDNbEs=
golang.org/x/sys v0.0.0-20201126233918-771906719818 h1:f1CIuDlJhwANEC2MM87MBEVMr3jl5bifgsfj90XAF9c=
golang.org/x/sys v0.0.0-20201126233918-771906719818/go.mod h1:h1NjWce9XRLGQEsW7wpKNCjG9DtNlClVuFLEZdDNbEs=
golang.org/x/text v0.3.0/go.mod h1:NqM8EUOU14njkJ3fqMW+pc6Ldnwhi/IjpwHt7yyuwOQ=
google.golang.org/api v0.0.0-20170206182103-3d017632ea10/go.mod h1:4mhQ8q/RsB7i+udVvVy5NUi08OU8ZlA0gRVgrF7VFY0=
google.golang.org/appengine v1.4.0/go.mod h1:xpcJRLb0r/rnEns0DIKYYv+WjYCduHsrkT7/EB5XEv4=
google.golang.org/grpc v0.0.0-20170208002647-2a6bf6142e96/go.mod h1:yo6s7OP7yaDglbqo1J04qKzAhqBH6lvTonzMVmEdcZw=
